// !$*UTF8*$!
{
	archiveVersion = 1;
	classes = {
	};
	objectVersion = 50;
	objects = {

/* Begin PBXBuildFile section */
		551E5DB2229084A90077F8B5 /* AppDelegate.swift in Sources */ = {isa = PBXBuildFile; fileRef = 551E5DB1229084A90077F8B5 /* AppDelegate.swift */; };
		551E5DB4229084A90077F8B5 /* ViewController.swift in Sources */ = {isa = PBXBuildFile; fileRef = 551E5DB3229084A90077F8B5 /* ViewController.swift */; };
		551E5DB9229084A90077F8B5 /* Assets.xcassets in Resources */ = {isa = PBXBuildFile; fileRef = 551E5DB8229084A90077F8B5 /* Assets.xcassets */; };
		551E5DC7229084A90077F8B5 /* GithubApiTests.swift in Sources */ = {isa = PBXBuildFile; fileRef = 551E5DC6229084A90077F8B5 /* GithubApiTests.swift */; };
		551E5DD2229084A90077F8B5 /* GithubApiUITests.swift in Sources */ = {isa = PBXBuildFile; fileRef = 551E5DD1229084A90077F8B5 /* GithubApiUITests.swift */; };
		551E5DE0229086350077F8B5 /* Cartfile in Resources */ = {isa = PBXBuildFile; fileRef = 551E5DDF229086350077F8B5 /* Cartfile */; };
		551E5DE62290871A0077F8B5 /* Alamofire.framework in Frameworks */ = {isa = PBXBuildFile; fileRef = 551E5DE2229087190077F8B5 /* Alamofire.framework */; };
		551E5DE72290871A0077F8B5 /* KIF.framework in Frameworks */ = {isa = PBXBuildFile; fileRef = 551E5DE3229087190077F8B5 /* KIF.framework */; };
		551E5DE82290871A0077F8B5 /* Kingfisher.framework in Frameworks */ = {isa = PBXBuildFile; fileRef = 551E5DE4229087190077F8B5 /* Kingfisher.framework */; };
		551E5DE92290871A0077F8B5 /* Gloss.framework in Frameworks */ = {isa = PBXBuildFile; fileRef = 551E5DE52290871A0077F8B5 /* Gloss.framework */; };
		551E5DEC229088330077F8B5 /* Repo.swift in Sources */ = {isa = PBXBuildFile; fileRef = 551E5DEB229088330077F8B5 /* Repo.swift */; };
		551E5DEE229088510077F8B5 /* RepoTests.swift in Sources */ = {isa = PBXBuildFile; fileRef = 551E5DED229088510077F8B5 /* RepoTests.swift */; };
/* End PBXBuildFile section */

/* Begin PBXContainerItemProxy section */
		551E5DC3229084A90077F8B5 /* PBXContainerItemProxy */ = {
			isa = PBXContainerItemProxy;
			containerPortal = 551E5DA6229084A90077F8B5 /* Project object */;
			proxyType = 1;
			remoteGlobalIDString = 551E5DAD229084A90077F8B5;
			remoteInfo = GithubApi;
		};
		551E5DCE229084A90077F8B5 /* PBXContainerItemProxy */ = {
			isa = PBXContainerItemProxy;
			containerPortal = 551E5DA6229084A90077F8B5 /* Project object */;
			proxyType = 1;
			remoteGlobalIDString = 551E5DAD229084A90077F8B5;
			remoteInfo = GithubApi;
		};
/* End PBXContainerItemProxy section */

/* Begin PBXFileReference section */
		551E5DAE229084A90077F8B5 /* GithubApi.app */ = {isa = PBXFileReference; explicitFileType = wrapper.application; includeInIndex = 0; path = GithubApi.app; sourceTree = BUILT_PRODUCTS_DIR; };
		551E5DB1229084A90077F8B5 /* AppDelegate.swift */ = {isa = PBXFileReference; lastKnownFileType = sourcecode.swift; path = AppDelegate.swift; sourceTree = "<group>"; };
		551E5DB3229084A90077F8B5 /* ViewController.swift */ = {isa = PBXFileReference; lastKnownFileType = sourcecode.swift; path = ViewController.swift; sourceTree = "<group>"; };
		551E5DB8229084A90077F8B5 /* Assets.xcassets */ = {isa = PBXFileReference; lastKnownFileType = folder.assetcatalog; path = Assets.xcassets; sourceTree = "<group>"; };
		551E5DBD229084A90077F8B5 /* Info.plist */ = {isa = PBXFileReference; lastKnownFileType = text.plist.xml; path = Info.plist; sourceTree = "<group>"; };
		551E5DC2229084A90077F8B5 /* GithubApiTests.xctest */ = {isa = PBXFileReference; explicitFileType = wrapper.cfbundle; includeInIndex = 0; path = GithubApiTests.xctest; sourceTree = BUILT_PRODUCTS_DIR; };
		551E5DC6229084A90077F8B5 /* GithubApiTests.swift */ = {isa = PBXFileReference; lastKnownFileType = sourcecode.swift; path = GithubApiTests.swift; sourceTree = "<group>"; };
		551E5DC8229084A90077F8B5 /* Info.plist */ = {isa = PBXFileReference; lastKnownFileType = text.plist.xml; path = Info.plist; sourceTree = "<group>"; };
		551E5DCD229084A90077F8B5 /* GithubApiUITests.xctest */ = {isa = PBXFileReference; explicitFileType = wrapper.cfbundle; includeInIndex = 0; path = GithubApiUITests.xctest; sourceTree = BUILT_PRODUCTS_DIR; };
		551E5DD1229084A90077F8B5 /* GithubApiUITests.swift */ = {isa = PBXFileReference; lastKnownFileType = sourcecode.swift; path = GithubApiUITests.swift; sourceTree = "<group>"; };
		551E5DD3229084A90077F8B5 /* Info.plist */ = {isa = PBXFileReference; lastKnownFileType = text.plist.xml; path = Info.plist; sourceTree = "<group>"; };
		551E5DDF229086350077F8B5 /* Cartfile */ = {isa = PBXFileReference; lastKnownFileType = text; path = Cartfile; sourceTree = "<group>"; };
		551E5DE2229087190077F8B5 /* Alamofire.framework */ = {isa = PBXFileReference; lastKnownFileType = wrapper.framework; name = Alamofire.framework; path = Carthage/Build/iOS/Alamofire.framework; sourceTree = "<group>"; };
		551E5DE3229087190077F8B5 /* KIF.framework */ = {isa = PBXFileReference; lastKnownFileType = wrapper.framework; name = KIF.framework; path = Carthage/Build/iOS/KIF.framework; sourceTree = "<group>"; };
		551E5DE4229087190077F8B5 /* Kingfisher.framework */ = {isa = PBXFileReference; lastKnownFileType = wrapper.framework; name = Kingfisher.framework; path = Carthage/Build/iOS/Kingfisher.framework; sourceTree = "<group>"; };
		551E5DE52290871A0077F8B5 /* Gloss.framework */ = {isa = PBXFileReference; lastKnownFileType = wrapper.framework; name = Gloss.framework; path = Carthage/Build/iOS/Gloss.framework; sourceTree = "<group>"; };
		551E5DEB229088330077F8B5 /* Repo.swift */ = {isa = PBXFileReference; lastKnownFileType = sourcecode.swift; path = Repo.swift; sourceTree = "<group>"; };
		551E5DED229088510077F8B5 /* RepoTests.swift */ = {isa = PBXFileReference; lastKnownFileType = sourcecode.swift; path = RepoTests.swift; sourceTree = "<group>"; };
/* End PBXFileReference section */

/* Begin PBXFrameworksBuildPhase section */
		551E5DAB229084A90077F8B5 /* Frameworks */ = {
			isa = PBXFrameworksBuildPhase;
			buildActionMask = 2147483647;
			files = (
				551E5DE62290871A0077F8B5 /* Alamofire.framework in Frameworks */,
				551E5DE72290871A0077F8B5 /* KIF.framework in Frameworks */,
				551E5DE82290871A0077F8B5 /* Kingfisher.framework in Frameworks */,
				551E5DE92290871A0077F8B5 /* Gloss.framework in Frameworks */,
			);
			runOnlyForDeploymentPostprocessing = 0;
		};
		551E5DBF229084A90077F8B5 /* Frameworks */ = {
			isa = PBXFrameworksBuildPhase;
			buildActionMask = 2147483647;
			files = (
			);
			runOnlyForDeploymentPostprocessing = 0;
		};
		551E5DCA229084A90077F8B5 /* Frameworks */ = {
			isa = PBXFrameworksBuildPhase;
			buildActionMask = 2147483647;
			files = (
			);
			runOnlyForDeploymentPostprocessing = 0;
		};
/* End PBXFrameworksBuildPhase section */

/* Begin PBXGroup section */
		551E5DA5229084A90077F8B5 = {
			isa = PBXGroup;
			children = (
				551E5DDF229086350077F8B5 /* Cartfile */,
				551E5DB0229084A90077F8B5 /* GithubApi */,
				551E5DC5229084A90077F8B5 /* GithubApiTests */,
				551E5DD0229084A90077F8B5 /* GithubApiUITests */,
				551E5DAF229084A90077F8B5 /* Products */,
				551E5DE1229087190077F8B5 /* Frameworks */,
			);
			sourceTree = "<group>";
		};
		551E5DAF229084A90077F8B5 /* Products */ = {
			isa = PBXGroup;
			children = (
				551E5DAE229084A90077F8B5 /* GithubApi.app */,
				551E5DC2229084A90077F8B5 /* GithubApiTests.xctest */,
				551E5DCD229084A90077F8B5 /* GithubApiUITests.xctest */,
			);
			name = Products;
			sourceTree = "<group>";
		};
		551E5DB0229084A90077F8B5 /* GithubApi */ = {
			isa = PBXGroup;
			children = (
				551E5DB1229084A90077F8B5 /* AppDelegate.swift */,
				551E5DB3229084A90077F8B5 /* ViewController.swift */,
				551E5DB8229084A90077F8B5 /* Assets.xcassets */,
				551E5DEB229088330077F8B5 /* Repo.swift */,
				551E5DBD229084A90077F8B5 /* Info.plist */,
			);
			path = GithubApi;
			sourceTree = "<group>";
		};
		551E5DC5229084A90077F8B5 /* GithubApiTests */ = {
			isa = PBXGroup;
			children = (
				551E5DC6229084A90077F8B5 /* GithubApiTests.swift */,
				551E5DED229088510077F8B5 /* RepoTests.swift */,
				551E5DC8229084A90077F8B5 /* Info.plist */,
			);
			path = GithubApiTests;
			sourceTree = "<group>";
		};
		551E5DD0229084A90077F8B5 /* GithubApiUITests */ = {
			isa = PBXGroup;
			children = (
				551E5DD1229084A90077F8B5 /* GithubApiUITests.swift */,
				551E5DD3229084A90077F8B5 /* Info.plist */,
			);
			path = GithubApiUITests;
			sourceTree = "<group>";
		};
		551E5DE1229087190077F8B5 /* Frameworks */ = {
			isa = PBXGroup;
			children = (
				551E5DE2229087190077F8B5 /* Alamofire.framework */,
				551E5DE52290871A0077F8B5 /* Gloss.framework */,
				551E5DE3229087190077F8B5 /* KIF.framework */,
				551E5DE4229087190077F8B5 /* Kingfisher.framework */,
			);
			name = Frameworks;
			sourceTree = "<group>";
		};
/* End PBXGroup section */

/* Begin PBXNativeTarget section */
		551E5DAD229084A90077F8B5 /* GithubApi */ = {
			isa = PBXNativeTarget;
			buildConfigurationList = 551E5DD6229084A90077F8B5 /* Build configuration list for PBXNativeTarget "GithubApi" */;
			buildPhases = (
				551E5DAA229084A90077F8B5 /* Sources */,
				551E5DAB229084A90077F8B5 /* Frameworks */,
				551E5DAC229084A90077F8B5 /* Resources */,
				551E5DEA229087230077F8B5 /* ShellScript */,
			);
			buildRules = (
			);
			dependencies = (
			);
			name = GithubApi;
			productName = GithubApi;
			productReference = 551E5DAE229084A90077F8B5 /* GithubApi.app */;
			productType = "com.apple.product-type.application";
		};
		551E5DC1229084A90077F8B5 /* GithubApiTests */ = {
			isa = PBXNativeTarget;
			buildConfigurationList = 551E5DD9229084A90077F8B5 /* Build configuration list for PBXNativeTarget "GithubApiTests" */;
			buildPhases = (
				551E5DBE229084A90077F8B5 /* Sources */,
				551E5DBF229084A90077F8B5 /* Frameworks */,
				551E5DC0229084A90077F8B5 /* Resources */,
			);
			buildRules = (
			);
			dependencies = (
				551E5DC4229084A90077F8B5 /* PBXTargetDependency */,
			);
			name = GithubApiTests;
			productName = GithubApiTests;
			productReference = 551E5DC2229084A90077F8B5 /* GithubApiTests.xctest */;
			productType = "com.apple.product-type.bundle.unit-test";
		};
		551E5DCC229084A90077F8B5 /* GithubApiUITests */ = {
			isa = PBXNativeTarget;
			buildConfigurationList = 551E5DDC229084A90077F8B5 /* Build configuration list for PBXNativeTarget "GithubApiUITests" */;
			buildPhases = (
				551E5DC9229084A90077F8B5 /* Sources */,
				551E5DCA229084A90077F8B5 /* Frameworks */,
				551E5DCB229084A90077F8B5 /* Resources */,
			);
			buildRules = (
			);
			dependencies = (
				551E5DCF229084A90077F8B5 /* PBXTargetDependency */,
			);
			name = GithubApiUITests;
			productName = GithubApiUITests;
			productReference = 551E5DCD229084A90077F8B5 /* GithubApiUITests.xctest */;
			productType = "com.apple.product-type.bundle.ui-testing";
		};
/* End PBXNativeTarget section */

/* Begin PBXProject section */
		551E5DA6229084A90077F8B5 /* Project object */ = {
			isa = PBXProject;
			attributes = {
				LastSwiftUpdateCheck = 1020;
				LastUpgradeCheck = 1020;
				ORGANIZATIONNAME = App;
				TargetAttributes = {
					551E5DAD229084A90077F8B5 = {
						CreatedOnToolsVersion = 10.2.1;
					};
					551E5DC1229084A90077F8B5 = {
						CreatedOnToolsVersion = 10.2.1;
						TestTargetID = 551E5DAD229084A90077F8B5;
					};
					551E5DCC229084A90077F8B5 = {
						CreatedOnToolsVersion = 10.2.1;
						TestTargetID = 551E5DAD229084A90077F8B5;
					};
				};
			};
			buildConfigurationList = 551E5DA9229084A90077F8B5 /* Build configuration list for PBXProject "GithubApi" */;
			compatibilityVersion = "Xcode 9.3";
			developmentRegion = en;
			hasScannedForEncodings = 0;
			knownRegions = (
				en,
				Base,
			);
			mainGroup = 551E5DA5229084A90077F8B5;
			productRefGroup = 551E5DAF229084A90077F8B5 /* Products */;
			projectDirPath = "";
			projectRoot = "";
			targets = (
				551E5DAD229084A90077F8B5 /* GithubApi */,
				551E5DC1229084A90077F8B5 /* GithubApiTests */,
				551E5DCC229084A90077F8B5 /* GithubApiUITests */,
			);
		};
/* End PBXProject section */

/* Begin PBXResourcesBuildPhase section */
		551E5DAC229084A90077F8B5 /* Resources */ = {
			isa = PBXResourcesBuildPhase;
			buildActionMask = 2147483647;
			files = (
				551E5DE0229086350077F8B5 /* Cartfile in Resources */,
				551E5DB9229084A90077F8B5 /* Assets.xcassets in Resources */,
			);
			runOnlyForDeploymentPostprocessing = 0;
		};
		551E5DC0229084A90077F8B5 /* Resources */ = {
			isa = PBXResourcesBuildPhase;
			buildActionMask = 2147483647;
			files = (
			);
			runOnlyForDeploymentPostprocessing = 0;
		};
		551E5DCB229084A90077F8B5 /* Resources */ = {
			isa = PBXResourcesBuildPhase;
			buildActionMask = 2147483647;
			files = (
			);
			runOnlyForDeploymentPostprocessing = 0;
		};
/* End PBXResourcesBuildPhase section */

/* Begin PBXShellScriptBuildPhase section */
		551E5DEA229087230077F8B5 /* ShellScript */ = {
			isa = PBXShellScriptBuildPhase;
			buildActionMask = 2147483647;
			files = (
			);
			inputFileListPaths = (
			);
			inputPaths = (
				"$(SRCROOT)/Carthage/Build/iOS/Alamofire.framework",
				"$(SRCROOT)/Carthage/Build/iOS/Gloss.framework",
				"$(SRCROOT)/Carthage/Build/iOS/KIF.framework",
				"$(SRCROOT)/Carthage/Build/iOS/Kingfisher.framework",
			);
			outputFileListPaths = (
			);
			outputPaths = (
				"$(BUILT_PRODUCTS_DIR)/$(FRAMEWORKS_FOLDER_PATH)/Alamofire.framework",
				"$(BUILT_PRODUCTS_DIR)/$(FRAMEWORKS_FOLDER_PATH)/Gloss.framework",
				"$(BUILT_PRODUCTS_DIR)/$(FRAMEWORKS_FOLDER_PATH)/KIF.framework",
				"$(BUILT_PRODUCTS_DIR)/$(FRAMEWORKS_FOLDER_PATH)/Kingfisher.framework",
			);
			runOnlyForDeploymentPostprocessing = 0;
			shellPath = /bin/sh;
			shellScript = "/usr/local/bin/carthage copy-frameworks\n";
		};
/* End PBXShellScriptBuildPhase section */

/* Begin PBXSourcesBuildPhase section */
		551E5DAA229084A90077F8B5 /* Sources */ = {
			isa = PBXSourcesBuildPhase;
			buildActionMask = 2147483647;
			files = (
				551E5DEC229088330077F8B5 /* Repo.swift in Sources */,
				551E5DB4229084A90077F8B5 /* ViewController.swift in Sources */,
				551E5DB2229084A90077F8B5 /* AppDelegate.swift in Sources */,
			);
			runOnlyForDeploymentPostprocessing = 0;
		};
		551E5DBE229084A90077F8B5 /* Sources */ = {
			isa = PBXSourcesBuildPhase;
			buildActionMask = 2147483647;
			files = (
				551E5DC7229084A90077F8B5 /* GithubApiTests.swift in Sources */,
				551E5DEE229088510077F8B5 /* RepoTests.swift in Sources */,
			);
			runOnlyForDeploymentPostprocessing = 0;
		};
		551E5DC9229084A90077F8B5 /* Sources */ = {
			isa = PBXSourcesBuildPhase;
			buildActionMask = 2147483647;
			files = (
				551E5DD2229084A90077F8B5 /* GithubApiUITests.swift in Sources */,
			);
			runOnlyForDeploymentPostprocessing = 0;
		};
/* End PBXSourcesBuildPhase section */

/* Begin PBXTargetDependency section */
		551E5DC4229084A90077F8B5 /* PBXTargetDependency */ = {
			isa = PBXTargetDependency;
			target = 551E5DAD229084A90077F8B5 /* GithubApi */;
			targetProxy = 551E5DC3229084A90077F8B5 /* PBXContainerItemProxy */;
		};
		551E5DCF229084A90077F8B5 /* PBXTargetDependency */ = {
			isa = PBXTargetDependency;
			target = 551E5DAD229084A90077F8B5 /* GithubApi */;
			targetProxy = 551E5DCE229084A90077F8B5 /* PBXContainerItemProxy */;
		};
/* End PBXTargetDependency section */

/* Begin XCBuildConfiguration section */
		551E5DD4229084A90077F8B5 /* Debug */ = {
			isa = XCBuildConfiguration;
			buildSettings = {
				ALWAYS_SEARCH_USER_PATHS = NO;
				CLANG_ANALYZER_NONNULL = YES;
				CLANG_ANALYZER_NUMBER_OBJECT_CONVERSION = YES_AGGRESSIVE;
				CLANG_CXX_LANGUAGE_STANDARD = "gnu++14";
				CLANG_CXX_LIBRARY = "libc++";
				CLANG_ENABLE_MODULES = YES;
				CLANG_ENABLE_OBJC_ARC = YES;
				CLANG_ENABLE_OBJC_WEAK = YES;
				CLANG_WARN_BLOCK_CAPTURE_AUTORELEASING = YES;
				CLANG_WARN_BOOL_CONVERSION = YES;
				CLANG_WARN_COMMA = YES;
				CLANG_WARN_CONSTANT_CONVERSION = YES;
				CLANG_WARN_DEPRECATED_OBJC_IMPLEMENTATIONS = YES;
				CLANG_WARN_DIRECT_OBJC_ISA_USAGE = YES_ERROR;
				CLANG_WARN_DOCUMENTATION_COMMENTS = YES;
				CLANG_WARN_EMPTY_BODY = YES;
				CLANG_WARN_ENUM_CONVERSION = YES;
				CLANG_WARN_INFINITE_RECURSION = YES;
				CLANG_WARN_INT_CONVERSION = YES;
				CLANG_WARN_NON_LITERAL_NULL_CONVERSION = YES;
				CLANG_WARN_OBJC_IMPLICIT_RETAIN_SELF = YES;
				CLANG_WARN_OBJC_LITERAL_CONVERSION = YES;
				CLANG_WARN_OBJC_ROOT_CLASS = YES_ERROR;
				CLANG_WARN_RANGE_LOOP_ANALYSIS = YES;
				CLANG_WARN_STRICT_PROTOTYPES = YES;
				CLANG_WARN_SUSPICIOUS_MOVE = YES;
				CLANG_WARN_UNGUARDED_AVAILABILITY = YES_AGGRESSIVE;
				CLANG_WARN_UNREACHABLE_CODE = YES;
				CLANG_WARN__DUPLICATE_METHOD_MATCH = YES;
				CODE_SIGN_IDENTITY = "iPhone Developer";
				COPY_PHASE_STRIP = NO;
				DEBUG_INFORMATION_FORMAT = dwarf;
				ENABLE_STRICT_OBJC_MSGSEND = YES;
				ENABLE_TESTABILITY = YES;
				GCC_C_LANGUAGE_STANDARD = gnu11;
				GCC_DYNAMIC_NO_PIC = NO;
				GCC_NO_COMMON_BLOCKS = YES;
				GCC_OPTIMIZATION_LEVEL = 0;
				GCC_PREPROCESSOR_DEFINITIONS = (
					"DEBUG=1",
					"$(inherited)",
				);
				GCC_WARN_64_TO_32_BIT_CONVERSION = YES;
				GCC_WARN_ABOUT_RETURN_TYPE = YES_ERROR;
				GCC_WARN_UNDECLARED_SELECTOR = YES;
				GCC_WARN_UNINITIALIZED_AUTOS = YES_AGGRESSIVE;
				GCC_WARN_UNUSED_FUNCTION = YES;
				GCC_WARN_UNUSED_VARIABLE = YES;
				IPHONEOS_DEPLOYMENT_TARGET = 12.2;
				MTL_ENABLE_DEBUG_INFO = INCLUDE_SOURCE;
				MTL_FAST_MATH = YES;
				ONLY_ACTIVE_ARCH = YES;
				SDKROOT = iphoneos;
				SWIFT_ACTIVE_COMPILATION_CONDITIONS = DEBUG;
				SWIFT_OPTIMIZATION_LEVEL = "-Onone";
			};
			name = Debug;
		};
		551E5DD5229084A90077F8B5 /* Release */ = {
			isa = XCBuildConfiguration;
			buildSettings = {
				ALWAYS_SEARCH_USER_PATHS = NO;
				CLANG_ANALYZER_NONNULL = YES;
				CLANG_ANALYZER_NUMBER_OBJECT_CONVERSION = YES_AGGRESSIVE;
				CLANG_CXX_LANGUAGE_STANDARD = "gnu++14";
				CLANG_CXX_LIBRARY = "libc++";
				CLANG_ENABLE_MODULES = YES;
				CLANG_ENABLE_OBJC_ARC = YES;
				CLANG_ENABLE_OBJC_WEAK = YES;
				CLANG_WARN_BLOCK_CAPTURE_AUTORELEASING = YES;
				CLANG_WARN_BOOL_CONVERSION = YES;
				CLANG_WARN_COMMA = YES;
				CLANG_WARN_CONSTANT_CONVERSION = YES;
				CLANG_WARN_DEPRECATED_OBJC_IMPLEMENTATIONS = YES;
				CLANG_WARN_DIRECT_OBJC_ISA_USAGE = YES_ERROR;
				CLANG_WARN_DOCUMENTATION_COMMENTS = YES;
				CLANG_WARN_EMPTY_BODY = YES;
				CLANG_WARN_ENUM_CONVERSION = YES;
				CLANG_WARN_INFINITE_RECURSION = YES;
				CLANG_WARN_INT_CONVERSION = YES;
				CLANG_WARN_NON_LITERAL_NULL_CONVERSION = YES;
				CLANG_WARN_OBJC_IMPLICIT_RETAIN_SELF = YES;
				CLANG_WARN_OBJC_LITERAL_CONVERSION = YES;
				CLANG_WARN_OBJC_ROOT_CLASS = YES_ERROR;
				CLANG_WARN_RANGE_LOOP_ANALYSIS = YES;
				CLANG_WARN_STRICT_PROTOTYPES = YES;
				CLANG_WARN_SUSPICIOUS_MOVE = YES;
				CLANG_WARN_UNGUARDED_AVAILABILITY = YES_AGGRESSIVE;
				CLANG_WARN_UNREACHABLE_CODE = YES;
				CLANG_WARN__DUPLICATE_METHOD_MATCH = YES;
				CODE_SIGN_IDENTITY = "iPhone Developer";
				COPY_PHASE_STRIP = NO;
				DEBUG_INFORMATION_FORMAT = "dwarf-with-dsym";
				ENABLE_NS_ASSERTIONS = NO;
				ENABLE_STRICT_OBJC_MSGSEND = YES;
				GCC_C_LANGUAGE_STANDARD = gnu11;
				GCC_NO_COMMON_BLOCKS = YES;
				GCC_WARN_64_TO_32_BIT_CONVERSION = YES;
				GCC_WARN_ABOUT_RETURN_TYPE = YES_ERROR;
				GCC_WARN_UNDECLARED_SELECTOR = YES;
				GCC_WARN_UNINITIALIZED_AUTOS = YES_AGGRESSIVE;
				GCC_WARN_UNUSED_FUNCTION = YES;
				GCC_WARN_UNUSED_VARIABLE = YES;
				IPHONEOS_DEPLOYMENT_TARGET = 12.2;
				MTL_ENABLE_DEBUG_INFO = NO;
				MTL_FAST_MATH = YES;
				SDKROOT = iphoneos;
				SWIFT_COMPILATION_MODE = wholemodule;
				SWIFT_OPTIMIZATION_LEVEL = "-O";
				VALIDATE_PRODUCT = YES;
			};
			name = Release;
		};
		551E5DD7229084A90077F8B5 /* Debug */ = {
			isa = XCBuildConfiguration;
			buildSettings = {
				ASSETCATALOG_COMPILER_APPICON_NAME = AppIcon;
				CODE_SIGN_STYLE = Automatic;
				DEVELOPMENT_TEAM = CUHEDBSZHY;
				FRAMEWORK_SEARCH_PATHS = (
					"$(inherited)",
					"$(PROJECT_DIR)/Carthage/Build/iOS",
				);
				INFOPLIST_FILE = GithubApi/Info.plist;
				LD_RUNPATH_SEARCH_PATHS = (
					"$(inherited)",
					"@executable_path/Frameworks",
				);
				PRODUCT_BUNDLE_IDENTIFIER = br.com.app.GithubApi;
				PRODUCT_NAME = "$(TARGET_NAME)";
				SWIFT_VERSION = 5.0;
				TARGETED_DEVICE_FAMILY = "1,2";
			};
			name = Debug;
		};
		551E5DD8229084A90077F8B5 /* Release */ = {
			isa = XCBuildConfiguration;
			buildSettings = {
				ASSETCATALOG_COMPILER_APPICON_NAME = AppIcon;
				CODE_SIGN_STYLE = Automatic;
				DEVELOPMENT_TEAM = CUHEDBSZHY;
				FRAMEWORK_SEARCH_PATHS = (
					"$(inherited)",
					"$(PROJECT_DIR)/Carthage/Build/iOS",
				);
				INFOPLIST_FILE = GithubApi/Info.plist;
				LD_RUNPATH_SEARCH_PATHS = (
					"$(inherited)",
					"@executable_path/Frameworks",
				);
				PRODUCT_BUNDLE_IDENTIFIER = br.com.app.GithubApi;
				PRODUCT_NAME = "$(TARGET_NAME)";
				SWIFT_VERSION = 5.0;
				TARGETED_DEVICE_FAMILY = "1,2";
			};
			name = Release;
		};
		551E5DDA229084A90077F8B5 /* Debug */ = {
			isa = XCBuildConfiguration;
			buildSettings = {
				ALWAYS_EMBED_SWIFT_STANDARD_LIBRARIES = YES;
				BUNDLE_LOADER = "$(TEST_HOST)";
				CODE_SIGN_STYLE = Automatic;
				DEVELOPMENT_TEAM = CUHEDBSZHY;
				INFOPLIST_FILE = GithubApiTests/Info.plist;
				LD_RUNPATH_SEARCH_PATHS = (
					"$(inherited)",
					"@executable_path/Frameworks",
					"@loader_path/Frameworks",
				);
				PRODUCT_BUNDLE_IDENTIFIER = br.com.app.GithubApiTests;
				PRODUCT_NAME = "$(TARGET_NAME)";
				SWIFT_VERSION = 5.0;
				TARGETED_DEVICE_FAMILY = "1,2";
				TEST_HOST = "$(BUILT_PRODUCTS_DIR)/GithubApi.app/GithubApi";
			};
			name = Debug;
		};
		551E5DDB229084A90077F8B5 /* Release */ = {
			isa = XCBuildConfiguration;
			buildSettings = {
				ALWAYS_EMBED_SWIFT_STANDARD_LIBRARIES = YES;
				BUNDLE_LOADER = "$(TEST_HOST)";
				CODE_SIGN_STYLE = Automatic;
				DEVELOPMENT_TEAM = CUHEDBSZHY;
				INFOPLIST_FILE = GithubApiTests/Info.plist;
				LD_RUNPATH_SEARCH_PATHS = (
					"$(inherited)",
					"@executable_path/Frameworks",
					"@loader_path/Frameworks",
				);
				PRODUCT_BUNDLE_IDENTIFIER = br.com.app.GithubApiTests;
				PRODUCT_NAME = "$(TARGET_NAME)";
				SWIFT_VERSION = 5.0;
				TARGETED_DEVICE_FAMILY = "1,2";
				TEST_HOST = "$(BUILT_PRODUCTS_DIR)/GithubApi.app/GithubApi";
			};
			name = Release;
		};
		551E5DDD229084A90077F8B5 /* Debug */ = {
			isa = XCBuildConfiguration;
			buildSettings = {
				ALWAYS_EMBED_SWIFT_STANDARD_LIBRARIES = YES;
				CODE_SIGN_STYLE = Automatic;
				DEVELOPMENT_TEAM = CUHEDBSZHY;
				INFOPLIST_FILE = GithubApiUITests/Info.plist;
				LD_RUNPATH_SEARCH_PATHS = (
					"$(inherited)",
					"@executable_path/Frameworks",
					"@loader_path/Frameworks",
				);
				PRODUCT_BUNDLE_IDENTIFIER = br.com.app.GithubApiUITests;
				PRODUCT_NAME = "$(TARGET_NAME)";
				SWIFT_VERSION = 5.0;
				TARGETED_DEVICE_FAMILY = "1,2";
				TEST_TARGET_NAME = GithubApi;
			};
			name = Debug;
		};
		551E5DDE229084A90077F8B5 /* Release */ = {
			isa = XCBuildConfiguration;
			buildSettings = {
				ALWAYS_EMBED_SWIFT_STANDARD_LIBRARIES = YES;
				CODE_SIGN_STYLE = Automatic;
				DEVELOPMENT_TEAM = CUHEDBSZHY;
				INFOPLIST_FILE = GithubApiUITests/Info.plist;
				LD_RUNPATH_SEARCH_PATHS = (
					"$(inherited)",
					"@executable_path/Frameworks",
					"@loader_path/Frameworks",
				);
				PRODUCT_BUNDLE_IDENTIFIER = br.com.app.GithubApiUITests;
				PRODUCT_NAME = "$(TARGET_NAME)";
				SWIFT_VERSION = 5.0;
				TARGETED_DEVICE_FAMILY = "1,2";
				TEST_TARGET_NAME = GithubApi;
			};
			name = Release;
		};
/* End XCBuildConfiguration section */

/* Begin XCConfigurationList section */
		551E5DA9229084A90077F8B5 /* Build configuration list for PBXProject "GithubApi" */ = {
			isa = XCConfigurationList;
			buildConfigurations = (
				551E5DD4229084A90077F8B5 /* Debug */,
				551E5DD5229084A90077F8B5 /* Release */,
			);
			defaultConfigurationIsVisible = 0;
			defaultConfigurationName = Release;
		};
		551E5DD6229084A90077F8B5 /* Build configuration list for PBXNativeTarget "GithubApi" */ = {
			isa = XCConfigurationList;
			buildConfigurations = (
				551E5DD7229084A90077F8B5 /* Debug */,
				551E5DD8229084A90077F8B5 /* Release */,
			);
			defaultConfigurationIsVisible = 0;
			defaultConfigurationName = Release;
		};
		551E5DD9229084A90077F8B5 /* Build configuration list for PBXNativeTarget "GithubApiTests" */ = {
			isa = XCConfigurationList;
			buildConfigurations = (
				551E5DDA229084A90077F8B5 /* Debug */,
				551E5DDB229084A90077F8B5 /* Release */,
			);
			defaultConfigurationIsVisible = 0;
			defaultConfigurationName = Release;
		};
		551E5DDC229084A90077F8B5 /* Build configuration list for PBXNativeTarget "GithubApiUITests" */ = {
			isa = XCConfigurationList;
			buildConfigurations = (
				551E5DDD229084A90077F8B5 /* Debug */,
				551E5DDE229084A90077F8B5 /* Release */,
			);
			defaultConfigurationIsVisible = 0;
			defaultConfigurationName = Release;
		};
/* End XCConfigurationList section */
	};
	rootObject = 551E5DA6229084A90077F8B5 /* Project object */;
}
